PODS:
  - geos (3.7.1)
  - GEOSwift (3.1.0):
    - geos (= 3.7.1)
  - Mapbox-iOS-SDK (4.0.5)

DEPENDENCIES:
  - GEOSwift
  - Mapbox-iOS-SDK

SPEC REPOS:
  https://github.com/cocoapods/specs.git:
    - geos
    - GEOSwift
    - Mapbox-iOS-SDK

SPEC CHECKSUMS:
  geos: 4f86329dc270f513bc220c77d9079aef38c5960d
  GEOSwift: 663f79f312f61dbc50ea7d233b8d04642f9aa1fb
  Mapbox-iOS-SDK: c6bab367011e441e7345d4fe9340633c6b476bf4

PODFILE CHECKSUM: ab72b494530c13dc57e62fdeb5990f080ee54663

COCOAPODS: 1.5.3
